{
  "name": "hanul-erp",
  "version": "1.0.0",
  "lockfileVersion": 3,
  "requires": true,
  "packages": {
    "": {
      "name": "hanul-erp",
      "version": "1.0.0",
      "license": "MIT",
      "workspaces": [
        "backend",
        "frontend"
      ],
      "dependencies": {
        "backend": "^1.0.0"
      },
      "devDependencies": {}
    },
    "backend": {
      "version": "1.0.0",
      "license": "MIT"
    },
    "frontend": {
      "version": "1.0.0",
      "license": "MIT",
      "devDependencies": {}
    },
    "node_modules/backend": {
      "resolved": "backend",
      "link": true
    },
    "node_modules/frontend": {
      "resolved": "frontend",
      "link": true
    }
  }
}
